<?xml version="1.0" encoding="utf-8"?>
<Project ToolsVersion="4.0" xmlns="http://schemas.microsoft.com/developer/msbuild/2003">
  <ItemGroup>
    <Filter Include="98.Headers">
      <UniqueIdentifier>{d8708cb5-297c-4b44-9aba-36203e41cfae}</UniqueIdentifier>
    </Filter>
    <Filter Include="99.Default">
      <UniqueIdentifier>{938e97c9-6661-4db1-bf70-a5c4faba31cd}</UniqueIdentifier>
    </Filter>
    <Filter Include="99.Default\소스 파일">
      <UniqueIdentifier>{4FC737F1-C7A5-4376-A066-2A32D752A2FF}</UniqueIdentifier>
      <Extensions>cpp;c;cc;cxx;def;odl;idl;hpj;bat;asm;asmx</Extensions>
    </Filter>
    <Filter Include="99.Default\리소스 파일">
      <UniqueIdentifier>{67DA6AB6-F800-4c08-8B7A-83BB121AAD01}</UniqueIdentifier>
      <Extensions>rc;ico;cur;bmp;dlg;rc2;rct;bin;rgs;gif;jpg;jpeg;jpe;resx;tiff;tif;png;wav;mfcribbon-ms</Extensions>
    </Filter>
    <Filter Include="99.Default\헤더 파일">
      <UniqueIdentifier>{93995380-89BD-4b04-88EB-625FBE52EBFB}</UniqueIdentifier>
      <Extensions>h;hh;hpp;hxx;hm;inl;inc;ipp;xsd</Extensions>
    </Filter>
    <Filter Include="00.Core">
      <UniqueIdentifier>{0b830b03-0e9a-401f-9426-1418e709d1dc}</UniqueIdentifier>
    </Filter>
    <Filter Include="00.Core\System">
      <UniqueIdentifier>{0b7b287e-bd76-4ad1-8ed7-1f44294f609e}</UniqueIdentifier>
    </Filter>
    <Filter Include="00.Core\Input">
      <UniqueIdentifier>{ed3a6fab-7cea-45b2-9275-62c607e5a940}</UniqueIdentifier>
    </Filter>
    <Filter Include="00.Core\Graphic">
      <UniqueIdentifier>{66b309d6-88d9-447f-9972-020f1846b51e}</UniqueIdentifier>
    </Filter>
    <Filter Include="00.Core\Graphic\Direct3D">
      <UniqueIdentifier>{2b629960-f180-4fd1-b1e2-1bcee2bd1e3f}</UniqueIdentifier>
    </Filter>
    <Filter Include="00.Core\Graphic\Shader">
      <UniqueIdentifier>{669accb2-56c9-42f8-a7b8-39fd26959818}</UniqueIdentifier>
    </Filter>
    <Filter Include="00.Core\Graphic\Shader\Color">
      <UniqueIdentifier>{bc9f1bf9-e4e6-46e7-9cad-cad7a09edba8}</UniqueIdentifier>
    </Filter>
    <Filter Include="00.Core\Graphic\Object">
      <UniqueIdentifier>{114cc2a5-fcec-43be-bd4d-a1167e310b3c}</UniqueIdentifier>
    </Filter>
    <Filter Include="00.Core\Graphic\Camera">
      <UniqueIdentifier>{d856c7c5-0909-4ba2-bf25-0f7ad44834d7}</UniqueIdentifier>
    </Filter>
    <Filter Include="00.Core\Graphic\Shader\Texture">
      <UniqueIdentifier>{15f29642-57b2-44b6-9916-da4d8caba743}</UniqueIdentifier>
    </Filter>
    <Filter Include="00.Core\Graphic\Texture">
      <UniqueIdentifier>{54eb658c-1af7-4a81-a8cb-8708cf62353a}</UniqueIdentifier>
    </Filter>
  </ItemGroup>
  <ItemGroup>
    <ClInclude Include="framework.h">
      <Filter>99.Default\헤더 파일</Filter>
    </ClInclude>
    <ClInclude Include="targetver.h">
      <Filter>99.Default\헤더 파일</Filter>
    </ClInclude>
    <ClInclude Include="Resource.h">
      <Filter>99.Default\헤더 파일</Filter>
    </ClInclude>
    <ClInclude Include="Project_KSB.h">
      <Filter>99.Default\헤더 파일</Filter>
    </ClInclude>
    <ClInclude Include="pch.h">
      <Filter>99.Default\헤더 파일</Filter>
    </ClInclude>
    <ClInclude Include="DxDefine.h">
      <Filter>98.Headers</Filter>
    </ClInclude>
    <ClInclude Include="System.h">
      <Filter>00.Core\System</Filter>
    </ClInclude>
    <ClInclude Include="Input.h">
      <Filter>00.Core\Input</Filter>
    </ClInclude>
    <ClInclude Include="Graphic.h">
      <Filter>00.Core\Graphic</Filter>
    </ClInclude>
    <ClInclude Include="Global.h">
      <Filter>98.Headers</Filter>
    </ClInclude>
    <ClInclude Include="Const.h">
      <Filter>98.Headers</Filter>
    </ClInclude>
    <ClInclude Include="Macro.h">
      <Filter>98.Headers</Filter>
    </ClInclude>
    <ClInclude Include="AlignedAllocationPolicy.h">
      <Filter>98.Headers</Filter>
    </ClInclude>
    <ClInclude Include="Direct3D.h">
      <Filter>00.Core\Graphic\Direct3D</Filter>
    </ClInclude>
    <ClInclude Include="ColorShader.h">
      <Filter>00.Core\Graphic\Shader\Color</Filter>
    </ClInclude>
    <ClInclude Include="Model.h">
      <Filter>00.Core\Graphic\Object</Filter>
    </ClInclude>
    <ClInclude Include="Camera.h">
      <Filter>00.Core\Graphic\Camera</Filter>
    </ClInclude>
    <ClInclude Include="TextureShader.h">
      <Filter>00.Core\Graphic\Shader\Texture</Filter>
    </ClInclude>
    <ClInclude Include="Texture.h">
      <Filter>00.Core\Graphic\Texture</Filter>
    </ClInclude>
    <ClInclude Include="ModelTexture.h">
      <Filter>00.Core\Graphic\Texture</Filter>
    </ClInclude>
  </ItemGroup>
  <ItemGroup>
    <ClCompile Include="Project_KSB.cpp">
      <Filter>99.Default\소스 파일</Filter>
    </ClCompile>
    <ClCompile Include="pch.cpp">
      <Filter>99.Default\소스 파일</Filter>
    </ClCompile>
    <ClCompile Include="System.cpp">
      <Filter>00.Core\System</Filter>
    </ClCompile>
    <ClCompile Include="Input.cpp">
      <Filter>00.Core\Input</Filter>
    </ClCompile>
    <ClCompile Include="Graphic.cpp">
      <Filter>00.Core\Graphic</Filter>
    </ClCompile>
    <ClCompile Include="Direct3D.cpp">
      <Filter>00.Core\Graphic\Direct3D</Filter>
    </ClCompile>
    <ClCompile Include="ColorShader.cpp">
      <Filter>00.Core\Graphic\Shader\Color</Filter>
    </ClCompile>
    <ClCompile Include="Model.cpp">
      <Filter>00.Core\Graphic\Object</Filter>
    </ClCompile>
    <ClCompile Include="Camera.cpp">
      <Filter>00.Core\Graphic\Camera</Filter>
    </ClCompile>
    <ClCompile Include="TextureShader.cpp">
      <Filter>00.Core\Graphic\Shader\Texture</Filter>
    </ClCompile>
    <ClCompile Include="Texture.cpp">
      <Filter>00.Core\Graphic\Texture</Filter>
    </ClCompile>
    <ClCompile Include="ModelTexture.cpp">
      <Filter>00.Core\Graphic\Texture</Filter>
    </ClCompile>
  </ItemGroup>
  <ItemGroup>
    <ResourceCompile Include="Project_KSB.rc">
      <Filter>99.Default\리소스 파일</Filter>
    </ResourceCompile>
  </ItemGroup>
  <ItemGroup>
    <Image Include="small.ico">
      <Filter>99.Default\리소스 파일</Filter>
    </Image>
    <Image Include="Project_KSB.ico">
      <Filter>99.Default\리소스 파일</Filter>
    </Image>
  </ItemGroup>
  <ItemGroup>
    <FxCompile Include="Color.ps">
      <Filter>00.Core\Graphic\Shader\Color</Filter>
    </FxCompile>
    <FxCompile Include="Color.vs">
      <Filter>00.Core\Graphic\Shader\Color</Filter>
    </FxCompile>
    <FxCompile Include="Texture.vs">
      <Filter>00.Core\Graphic\Shader\Texture</Filter>
    </FxCompile>
    <FxCompile Include="Texture.ps">
      <Filter>00.Core\Graphic\Shader\Texture</Filter>
    </FxCompile>
  </ItemGroup>
</Project>